
Microsoft Visual Studio Solution File, Format Version 12.00
# Visual Studio 15
VisualStudioVersion = 15.0.27703.2035
MinimumVisualStudioVersion = 10.0.40219.1
Project("{FAE04EC0-301F-11D3-BF4B-00C04F79EFBC}") = "EnterLowerCaseLeters", "EnterLowerCaseLeters\EnterLowerCaseLeters.csproj", "{CE28A1BF-8D46-4755-9F76-33CE1E4C1858}"
EndProject
Global
	GlobalSection(SolutionConfigurationPlatforms) = preSolution
		Debug|Any CPU = Debug|Any CPU
		Release|Any CPU = Release|Any CPU
	EndGlobalSection
	GlobalSection(ProjectConfigurationPlatforms) = postSolution
		{CE28A1BF-8D46-4755-9F76-33CE1E4C1858}.Debug|Any CPU.ActiveCfg = Debug|Any CPU
		{CE28A1BF-8D46-4755-9F76-33CE1E4C1858}.Debug|Any CPU.Build.0 = Debug|Any CPU
		{CE28A1BF-8D46-4755-9F76-33CE1E4C1858}.Release|Any CPU.ActiveCfg = Release|Any CPU
		{CE28A1BF-8D46-4755-9F76-33CE1E4C1858}.Release|Any CPU.Build.0 = Release|Any CPU
	EndGlobalSection
	GlobalSection(SolutionProperties) = preSolution
		HideSolutionNode = FALSE
	EndGlobalSection
	GlobalSection(ExtensibilityGlobals) = postSolution
		SolutionGuid = {5AA5687A-EF9D-4FD1-B574-E14D00191729}
	EndGlobalSection
EndGlobal
