
Microsoft Visual Studio Solution File, Format Version 12.00
# Visual Studio 15
VisualStudioVersion = 15.0.27703.2035
MinimumVisualStudioVersion = 10.0.40219.1
Project("{FAE04EC0-301F-11D3-BF4B-00C04F79EFBC}") = "HomeSales", "HomeSales\HomeSales.csproj", "{84893B67-BC95-4B17-9CF7-9447EBAB11F1}"
EndProject
Global
	GlobalSection(SolutionConfigurationPlatforms) = preSolution
		Debug|Any CPU = Debug|Any CPU
		Release|Any CPU = Release|Any CPU
	EndGlobalSection
	GlobalSection(ProjectConfigurationPlatforms) = postSolution
		{84893B67-BC95-4B17-9CF7-9447EBAB11F1}.Debug|Any CPU.ActiveCfg = Debug|Any CPU
		{84893B67-BC95-4B17-9CF7-9447EBAB11F1}.Debug|Any CPU.Build.0 = Debug|Any CPU
		{84893B67-BC95-4B17-9CF7-9447EBAB11F1}.Release|Any CPU.ActiveCfg = Release|Any CPU
		{84893B67-BC95-4B17-9CF7-9447EBAB11F1}.Release|Any CPU.Build.0 = Release|Any CPU
	EndGlobalSection
	GlobalSection(SolutionProperties) = preSolution
		HideSolutionNode = FALSE
	EndGlobalSection
	GlobalSection(ExtensibilityGlobals) = postSolution
		SolutionGuid = {CBC1A930-1FC7-428B-A3B6-B51ECDBE30ED}
	EndGlobalSection
EndGlobal
